
Microsoft Visual Studio Solution File, Format Version 12.00
# Visual Studio Version 17
VisualStudioVersion = 17.8.34525.116
MinimumVisualStudioVersion = 10.0.40219.1
Project("{9A19103F-16F7-4668-BE54-9A1E7A4F7556}") = "NetworkVisualizer", "NetworkVisualizer\NetworkVisualizer.csproj", "{851178D7-0A4E-4FFB-A726-FF9A8128422D}"
EndProject
Project("{FAE04EC0-301F-11D3-BF4B-00C04F79EFBC}") = "VisualizerLibrary", "VisualizerLibrary\VisualizerLibrary.csproj", "{190A49DF-4556-451A-96D1-F7AE2B48E962}"
EndProject
Global
	GlobalSection(SolutionConfigurationPlatforms) = preSolution
		Debug|Any CPU = Debug|Any CPU
		Release|Any CPU = Release|Any CPU
	EndGlobalSection
	GlobalSection(ProjectConfigurationPlatforms) = postSolution
		{851178D7-0A4E-4FFB-A726-FF9A8128422D}.Debug|Any CPU.ActiveCfg = Debug|Any CPU
		{851178D7-0A4E-4FFB-A726-FF9A8128422D}.Debug|Any CPU.Build.0 = Debug|Any CPU
		{851178D7-0A4E-4FFB-A726-FF9A8128422D}.Release|Any CPU.ActiveCfg = Release|Any CPU
		{851178D7-0A4E-4FFB-A726-FF9A8128422D}.Release|Any CPU.Build.0 = Release|Any CPU
		{190A49DF-4556-451A-96D1-F7AE2B48E962}.Debug|Any CPU.ActiveCfg = Debug|Any CPU
		{190A49DF-4556-451A-96D1-F7AE2B48E962}.Debug|Any CPU.Build.0 = Debug|Any CPU
		{190A49DF-4556-451A-96D1-F7AE2B48E962}.Release|Any CPU.ActiveCfg = Release|Any CPU
		{190A49DF-4556-451A-96D1-F7AE2B48E962}.Release|Any CPU.Build.0 = Release|Any CPU
	EndGlobalSection
	GlobalSection(SolutionProperties) = preSolution
		HideSolutionNode = FALSE
	EndGlobalSection
	GlobalSection(ExtensibilityGlobals) = postSolution
		SolutionGuid = {C207CBB4-5457-44B7-8DC0-B2720C6AAE95}
	EndGlobalSection
EndGlobal
